
Microsoft Visual Studio Solution File, Format Version 12.00
# Visual Studio Version 16
VisualStudioVersion = 16.0.31205.134
MinimumVisualStudioVersion = 10.0.40219.1
Project("{FAE04EC0-301F-11D3-BF4B-00C04F79EFBC}") = "BestOilWithDB", "BestOilWithDB\BestOilWithDB.csproj", "{1FFB5C56-1D5B-4666-AC86-BB26CDE0C47D}"
EndProject
Global
	GlobalSection(SolutionConfigurationPlatforms) = preSolution
		Debug|Any CPU = Debug|Any CPU
		Release|Any CPU = Release|Any CPU
	EndGlobalSection
	GlobalSection(ProjectConfigurationPlatforms) = postSolution
		{1FFB5C56-1D5B-4666-AC86-BB26CDE0C47D}.Debug|Any CPU.ActiveCfg = Debug|Any CPU
		{1FFB5C56-1D5B-4666-AC86-BB26CDE0C47D}.Debug|Any CPU.Build.0 = Debug|Any CPU
		{1FFB5C56-1D5B-4666-AC86-BB26CDE0C47D}.Release|Any CPU.ActiveCfg = Release|Any CPU
		{1FFB5C56-1D5B-4666-AC86-BB26CDE0C47D}.Release|Any CPU.Build.0 = Release|Any CPU
	EndGlobalSection
	GlobalSection(SolutionProperties) = preSolution
		HideSolutionNode = FALSE
	EndGlobalSection
	GlobalSection(ExtensibilityGlobals) = postSolution
		SolutionGuid = {3F73A46C-D868-4B80-9506-AF3690A07572}
	EndGlobalSection
EndGlobal
